
Microsoft Visual Studio Solution File, Format Version 12.00
# Visual Studio Version 17
VisualStudioVersion = 17.3.32929.385
MinimumVisualStudioVersion = 10.0.40219.1
Project("{FAE04EC0-301F-11D3-BF4B-00C04F79EFBC}") = "CadastroAPI", "CadastroAPI\CadastroAPI.csproj", "{8755B645-8384-4AC9-A450-55DEB9658C31}"
EndProject
Project("{FAE04EC0-301F-11D3-BF4B-00C04F79EFBC}") = "CadastroAPI.Domain", "CadastroAPI.Domain\CadastroAPI.Domain.csproj", "{3C6352A9-AF7B-49D8-A4DD-33B47118F3C8}"
EndProject
Project("{FAE04EC0-301F-11D3-BF4B-00C04F79EFBC}") = "CadastroAPI.Infrastructure", "CadastroAPI.Infrastructure\CadastroAPI.Infrastructure.csproj", "{5C3DAACD-5650-46E3-8F52-999F9DCA6AD0}"
EndProject
Project("{FAE04EC0-301F-11D3-BF4B-00C04F79EFBC}") = "CadastroAPI.Application", "CadastroAPI.Application\CadastroAPI.Application.csproj", "{8C272D94-D244-4507-ADC1-229873B1264E}"
EndProject
Global
	GlobalSection(SolutionConfigurationPlatforms) = preSolution
		Debug|Any CPU = Debug|Any CPU
		Release|Any CPU = Release|Any CPU
	EndGlobalSection
	GlobalSection(ProjectConfigurationPlatforms) = postSolution
		{8755B645-8384-4AC9-A450-55DEB9658C31}.Debug|Any CPU.ActiveCfg = Debug|Any CPU
		{8755B645-8384-4AC9-A450-55DEB9658C31}.Debug|Any CPU.Build.0 = Debug|Any CPU
		{8755B645-8384-4AC9-A450-55DEB9658C31}.Release|Any CPU.ActiveCfg = Release|Any CPU
		{8755B645-8384-4AC9-A450-55DEB9658C31}.Release|Any CPU.Build.0 = Release|Any CPU
		{3C6352A9-AF7B-49D8-A4DD-33B47118F3C8}.Debug|Any CPU.ActiveCfg = Debug|Any CPU
		{3C6352A9-AF7B-49D8-A4DD-33B47118F3C8}.Debug|Any CPU.Build.0 = Debug|Any CPU
		{3C6352A9-AF7B-49D8-A4DD-33B47118F3C8}.Release|Any CPU.ActiveCfg = Release|Any CPU
		{3C6352A9-AF7B-49D8-A4DD-33B47118F3C8}.Release|Any CPU.Build.0 = Release|Any CPU
		{5C3DAACD-5650-46E3-8F52-999F9DCA6AD0}.Debug|Any CPU.ActiveCfg = Debug|Any CPU
		{5C3DAACD-5650-46E3-8F52-999F9DCA6AD0}.Debug|Any CPU.Build.0 = Debug|Any CPU
		{5C3DAACD-5650-46E3-8F52-999F9DCA6AD0}.Release|Any CPU.ActiveCfg = Release|Any CPU
		{5C3DAACD-5650-46E3-8F52-999F9DCA6AD0}.Release|Any CPU.Build.0 = Release|Any CPU
		{8C272D94-D244-4507-ADC1-229873B1264E}.Debug|Any CPU.ActiveCfg = Debug|Any CPU
		{8C272D94-D244-4507-ADC1-229873B1264E}.Debug|Any CPU.Build.0 = Debug|Any CPU
		{8C272D94-D244-4507-ADC1-229873B1264E}.Release|Any CPU.ActiveCfg = Release|Any CPU
		{8C272D94-D244-4507-ADC1-229873B1264E}.Release|Any CPU.Build.0 = Release|Any CPU
	EndGlobalSection
	GlobalSection(SolutionProperties) = preSolution
		HideSolutionNode = FALSE
	EndGlobalSection
	GlobalSection(ExtensibilityGlobals) = postSolution
		SolutionGuid = {29330184-D867-4572-A888-8B2EDB25FFAB}
	EndGlobalSection
EndGlobal
